
Microsoft Visual Studio Solution File, Format Version 12.00
# Visual Studio Version 17
VisualStudioVersion = 17.11.35222.181
MinimumVisualStudioVersion = 10.0.40219.1
Project("{9A19103F-16F7-4668-BE54-9A1E7A4F7556}") = "DiscountServer", "DiscountServer.csproj", "{63E0F33A-132B-40CD-9295-292AB01F1A67}"
EndProject
Project("{FAE04EC0-301F-11D3-BF4B-00C04F79EFBC}") = "DiscountServerTests.Unit", "..\DiscountServerTests.Unit\DiscountServerTests.Unit.csproj", "{D76C182E-80D7-41A5-AAB8-BFB56EDFECAB}"
EndProject
Global
	GlobalSection(SolutionConfigurationPlatforms) = preSolution
		Debug|Any CPU = Debug|Any CPU
		Release|Any CPU = Release|Any CPU
	EndGlobalSection
	GlobalSection(ProjectConfigurationPlatforms) = postSolution
		{63E0F33A-132B-40CD-9295-292AB01F1A67}.Debug|Any CPU.ActiveCfg = Debug|Any CPU
		{63E0F33A-132B-40CD-9295-292AB01F1A67}.Debug|Any CPU.Build.0 = Debug|Any CPU
		{63E0F33A-132B-40CD-9295-292AB01F1A67}.Release|Any CPU.ActiveCfg = Release|Any CPU
		{63E0F33A-132B-40CD-9295-292AB01F1A67}.Release|Any CPU.Build.0 = Release|Any CPU
		{D76C182E-80D7-41A5-AAB8-BFB56EDFECAB}.Debug|Any CPU.ActiveCfg = Debug|Any CPU
		{D76C182E-80D7-41A5-AAB8-BFB56EDFECAB}.Debug|Any CPU.Build.0 = Debug|Any CPU
		{D76C182E-80D7-41A5-AAB8-BFB56EDFECAB}.Release|Any CPU.ActiveCfg = Release|Any CPU
		{D76C182E-80D7-41A5-AAB8-BFB56EDFECAB}.Release|Any CPU.Build.0 = Release|Any CPU
	EndGlobalSection
	GlobalSection(SolutionProperties) = preSolution
		HideSolutionNode = FALSE
	EndGlobalSection
	GlobalSection(ExtensibilityGlobals) = postSolution
		SolutionGuid = {01180EE6-F470-43CE-83BE-040BB94B5E8A}
	EndGlobalSection
EndGlobal
